// !$*UTF8*$!
{
	archiveVersion = 1;
	classes = {
	};
	objectVersion = 55;
	objects = {

/* Begin PBXBuildFile section */
		21309F2E28C547F0008A55D6 /* TravelListViewController.swift in Sources */ = {isa = PBXBuildFile; fileRef = 21309F2D28C547F0008A55D6 /* TravelListViewController.swift */; };
		2177B6CE28C510A900CA339E /* AppDelegate.swift in Sources */ = {isa = PBXBuildFile; fileRef = 2177B6CD28C510A900CA339E /* AppDelegate.swift */; };
		2177B6D028C510A900CA339E /* SceneDelegate.swift in Sources */ = {isa = PBXBuildFile; fileRef = 2177B6CF28C510A900CA339E /* SceneDelegate.swift */; };
		2177B6D228C510A900CA339E /* MapViewController.swift in Sources */ = {isa = PBXBuildFile; fileRef = 2177B6D128C510A900CA339E /* MapViewController.swift */; };
		2177B6D528C510A900CA339E /* Main.storyboard in Resources */ = {isa = PBXBuildFile; fileRef = 2177B6D328C510A900CA339E /* Main.storyboard */; };
		2177B6D828C510A900CA339E /* SeyahatDefteri.xcdatamodeld in Sources */ = {isa = PBXBuildFile; fileRef = 2177B6D628C510A900CA339E /* SeyahatDefteri.xcdatamodeld */; };
		2177B6DA28C510A900CA339E /* Assets.xcassets in Resources */ = {isa = PBXBuildFile; fileRef = 2177B6D928C510A900CA339E /* Assets.xcassets */; };
		2177B6DD28C510A900CA339E /* LaunchScreen.storyboard in Resources */ = {isa = PBXBuildFile; fileRef = 2177B6DB28C510A900CA339E /* LaunchScreen.storyboard */; };
/* End PBXBuildFile section */

/* Begin PBXFileReference section */
		21309F2D28C547F0008A55D6 /* TravelListViewController.swift */ = {isa = PBXFileReference; lastKnownFileType = sourcecode.swift; path = TravelListViewController.swift; sourceTree = "<group>"; };
		2177B6CA28C510A900CA339E /* SeyahatDefteri.app */ = {isa = PBXFileReference; explicitFileType = wrapper.application; includeInIndex = 0; path = SeyahatDefteri.app; sourceTree = BUILT_PRODUCTS_DIR; };
		2177B6CD28C510A900CA339E /* AppDelegate.swift */ = {isa = PBXFileReference; lastKnownFileType = sourcecode.swift; path = AppDelegate.swift; sourceTree = "<group>"; };
		2177B6CF28C510A900CA339E /* SceneDelegate.swift */ = {isa = PBXFileReference; lastKnownFileType = sourcecode.swift; path = SceneDelegate.swift; sourceTree = "<group>"; };
		2177B6D128C510A900CA339E /* MapViewController.swift */ = {isa = PBXFileReference; lastKnownFileType = sourcecode.swift; path = MapViewController.swift; sourceTree = "<group>"; };
		2177B6D428C510A900CA339E /* Base */ = {isa = PBXFileReference; lastKnownFileType = file.storyboard; name = Base; path = Base.lproj/Main.storyboard; sourceTree = "<group>"; };
		2177B6D728C510A900CA339E /* SeyahatDefteri.xcdatamodel */ = {isa = PBXFileReference; lastKnownFileType = wrapper.xcdatamodel; path = SeyahatDefteri.xcdatamodel; sourceTree = "<group>"; };
		2177B6D928C510A900CA339E /* Assets.xcassets */ = {isa = PBXFileReference; lastKnownFileType = folder.assetcatalog; path = Assets.xcassets; sourceTree = "<group>"; };
		2177B6DC28C510A900CA339E /* Base */ = {isa = PBXFileReference; lastKnownFileType = file.storyboard; name = Base; path = Base.lproj/LaunchScreen.storyboard; sourceTree = "<group>"; };
		2177B6DE28C510A900CA339E /* Info.plist */ = {isa = PBXFileReference; lastKnownFileType = text.plist.xml; path = Info.plist; sourceTree = "<group>"; };
/* End PBXFileReference section */

/* Begin PBXFrameworksBuildPhase section */
		2177B6C728C510A900CA339E /* Frameworks */ = {
			isa = PBXFrameworksBuildPhase;
			buildActionMask = 2147483647;
			files = (
			);
			runOnlyForDeploymentPostprocessing = 0;
		};
/* End PBXFrameworksBuildPhase section */

/* Begin PBXGroup section */
		2177B6C128C510A800CA339E = {
			isa = PBXGroup;
			children = (
				2177B6CC28C510A900CA339E /* SeyahatDefteri */,
				2177B6CB28C510A900CA339E /* Products */,
			);
			sourceTree = "<group>";
		};
		2177B6CB28C510A900CA339E /* Products */ = {
			isa = PBXGroup;
			children = (
				2177B6CA28C510A900CA339E /* SeyahatDefteri.app */,
			);
			name = Products;
			sourceTree = "<group>";
		};
		2177B6CC28C510A900CA339E /* SeyahatDefteri */ = {
			isa = PBXGroup;
			children = (
				2177B6CD28C510A900CA339E /* AppDelegate.swift */,
				2177B6CF28C510A900CA339E /* SceneDelegate.swift */,
				2177B6D128C510A900CA339E /* MapViewController.swift */,
				21309F2D28C547F0008A55D6 /* TravelListViewController.swift */,
				2177B6D328C510A900CA339E /* Main.storyboard */,
				2177B6D928C510A900CA339E /* Assets.xcassets */,
				2177B6DB28C510A900CA339E /* LaunchScreen.storyboard */,
				2177B6DE28C510A900CA339E /* Info.plist */,
				2177B6D628C510A900CA339E /* SeyahatDefteri.xcdatamodeld */,
			);
			path = SeyahatDefteri;
			sourceTree = "<group>";
		};
/* End PBXGroup section */

/* Begin PBXNativeTarget section */
		2177B6C928C510A900CA339E /* SeyahatDefteri */ = {
			isa = PBXNativeTarget;
			buildConfigurationList = 2177B6E128C510A900CA339E /* Build configuration list for PBXNativeTarget "SeyahatDefteri" */;
			buildPhases = (
				2177B6C628C510A900CA339E /* Sources */,
				2177B6C728C510A900CA339E /* Frameworks */,
				2177B6C828C510A900CA339E /* Resources */,
			);
			buildRules = (
			);
			dependencies = (
			);
			name = SeyahatDefteri;
			productName = SeyahatDefteri;
			productReference = 2177B6CA28C510A900CA339E /* SeyahatDefteri.app */;
			productType = "com.apple.product-type.application";
		};
/* End PBXNativeTarget section */

/* Begin PBXProject section */
		2177B6C228C510A800CA339E /* Project object */ = {
			isa = PBXProject;
			attributes = {
				BuildIndependentTargetsInParallel = 1;
				LastSwiftUpdateCheck = 1340;
				LastUpgradeCheck = 1340;
				TargetAttributes = {
					2177B6C928C510A900CA339E = {
						CreatedOnToolsVersion = 13.4.1;
					};
				};
			};
			buildConfigurationList = 2177B6C528C510A800CA339E /* Build configuration list for PBXProject "SeyahatDefteri" */;
			compatibilityVersion = "Xcode 13.0";
			developmentRegion = en;
			hasScannedForEncodings = 0;
			knownRegions = (
				en,
				Base,
			);
			mainGroup = 2177B6C128C510A800CA339E;
			productRefGroup = 2177B6CB28C510A900CA339E /* Products */;
			projectDirPath = "";
			projectRoot = "";
			targets = (
				2177B6C928C510A900CA339E /* SeyahatDefteri */,
			);
		};
/* End PBXProject section */

/* Begin PBXResourcesBuildPhase section */
		2177B6C828C510A900CA339E /* Resources */ = {
			isa = PBXResourcesBuildPhase;
			buildActionMask = 2147483647;
			files = (
				2177B6DD28C510A900CA339E /* LaunchScreen.storyboard in Resources */,
				2177B6DA28C510A900CA339E /* Assets.xcassets in Resources */,
				2177B6D528C510A900CA339E /* Main.storyboard in Resources */,
			);
			runOnlyForDeploymentPostprocessing = 0;
		};
/* End PBXResourcesBuildPhase section */

/* Begin PBXSourcesBuildPhase section */
		2177B6C628C510A900CA339E /* Sources */ = {
			isa = PBXSourcesBuildPhase;
			buildActionMask = 2147483647;
			files = (
				21309F2E28C547F0008A55D6 /* TravelListViewController.swift in Sources */,
				2177B6D228C510A900CA339E /* MapViewController.swift in Sources */,
				2177B6D828C510A900CA339E /* SeyahatDefteri.xcdatamodeld in Sources */,
				2177B6CE28C510A900CA339E /* AppDelegate.swift in Sources */,
				2177B6D028C510A900CA339E /* SceneDelegate.swift in Sources */,
			);
			runOnlyForDeploymentPostprocessing = 0;
		};
/* End PBXSourcesBuildPhase section */

/* Begin PBXVariantGroup section */
		2177B6D328C510A900CA339E /* Main.storyboard */ = {
			isa = PBXVariantGroup;
			children = (
				2177B6D428C510A900CA339E /* Base */,
			);
			name = Main.storyboard;
			sourceTree = "<group>";
		};
		2177B6DB28C510A900CA339E /* LaunchScreen.storyboard */ = {
			isa = PBXVariantGroup;
			children = (
				2177B6DC28C510A900CA339E /* Base */,
			);
			name = LaunchScreen.storyboard;
			sourceTree = "<group>";
		};
/* End PBXVariantGroup section */

/* Begin XCBuildConfiguration section */
		2177B6DF28C510A900CA339E /* Debug */ = {
			isa = XCBuildConfiguration;
			buildSettings = {
				ALWAYS_SEARCH_USER_PATHS = NO;
				CLANG_ANALYZER_NONNULL = YES;
				CLANG_ANALYZER_NUMBER_OBJECT_CONVERSION = YES_AGGRESSIVE;
				CLANG_CXX_LANGUAGE_STANDARD = "gnu++17";
				CLANG_ENABLE_MODULES = YES;
				CLANG_ENABLE_OBJC_ARC = YES;
				CLANG_ENABLE_OBJC_WEAK = YES;
				CLANG_WARN_BLOCK_CAPTURE_AUTORELEASING = YES;
				CLANG_WARN_BOOL_CONVERSION = YES;
				CLANG_WARN_COMMA = YES;
				CLANG_WARN_CONSTANT_CONVERSION = YES;
				CLANG_WARN_DEPRECATED_OBJC_IMPLEMENTATIONS = YES;
				CLANG_WARN_DIRECT_OBJC_ISA_USAGE = YES_ERROR;
				CLANG_WARN_DOCUMENTATION_COMMENTS = YES;
				CLANG_WARN_EMPTY_BODY = YES;
				CLANG_WARN_ENUM_CONVERSION = YES;
				CLANG_WARN_INFINITE_RECURSION = YES;
				CLANG_WARN_INT_CONVERSION = YES;
				CLANG_WARN_NON_LITERAL_NULL_CONVERSION = YES;
				CLANG_WARN_OBJC_IMPLICIT_RETAIN_SELF = YES;
				CLANG_WARN_OBJC_LITERAL_CONVERSION = YES;
				CLANG_WARN_OBJC_ROOT_CLASS = YES_ERROR;
				CLANG_WARN_QUOTED_INCLUDE_IN_FRAMEWORK_HEADER = YES;
				CLANG_WARN_RANGE_LOOP_ANALYSIS = YES;
				CLANG_WARN_STRICT_PROTOTYPES = YES;
				CLANG_WARN_SUSPICIOUS_MOVE = YES;
				CLANG_WARN_UNGUARDED_AVAILABILITY = YES_AGGRESSIVE;
				CLANG_WARN_UNREACHABLE_CODE = YES;
				CLANG_WARN__DUPLICATE_METHOD_MATCH = YES;
				COPY_PHASE_STRIP = NO;
				DEBUG_INFORMATION_FORMAT = dwarf;
				ENABLE_STRICT_OBJC_MSGSEND = YES;
				ENABLE_TESTABILITY = YES;
				GCC_C_LANGUAGE_STANDARD = gnu11;
				GCC_DYNAMIC_NO_PIC = NO;
				GCC_NO_COMMON_BLOCKS = YES;
				GCC_OPTIMIZATION_LEVEL = 0;
				GCC_PREPROCESSOR_DEFINITIONS = (
					"DEBUG=1",
					"$(inherited)",
				);
				GCC_WARN_64_TO_32_BIT_CONVERSION = YES;
				GCC_WARN_ABOUT_RETURN_TYPE = YES_ERROR;
				GCC_WARN_UNDECLARED_SELECTOR = YES;
				GCC_WARN_UNINITIALIZED_AUTOS = YES_AGGRESSIVE;
				GCC_WARN_UNUSED_FUNCTION = YES;
				GCC_WARN_UNUSED_VARIABLE = YES;
				IPHONEOS_DEPLOYMENT_TARGET = 15.5;
				MTL_ENABLE_DEBUG_INFO = INCLUDE_SOURCE;
				MTL_FAST_MATH = YES;
				ONLY_ACTIVE_ARCH = YES;
				SDKROOT = iphoneos;
				SWIFT_ACTIVE_COMPILATION_CONDITIONS = DEBUG;
				SWIFT_OPTIMIZATION_LEVEL = "-Onone";
			};
			name = Debug;
		};
		2177B6E028C510A900CA339E /* Release */ = {
			isa = XCBuildConfiguration;
			buildSettings = {
				ALWAYS_SEARCH_USER_PATHS = NO;
				CLANG_ANALYZER_NONNULL = YES;
				CLANG_ANALYZER_NUMBER_OBJECT_CONVERSION = YES_AGGRESSIVE;
				CLANG_CXX_LANGUAGE_STANDARD = "gnu++17";
				CLANG_ENABLE_MODULES = YES;
				CLANG_ENABLE_OBJC_ARC = YES;
				CLANG_ENABLE_OBJC_WEAK = YES;
				CLANG_WARN_BLOCK_CAPTURE_AUTORELEASING = YES;
				CLANG_WARN_BOOL_CONVERSION = YES;
				CLANG_WARN_COMMA = YES;
				CLANG_WARN_CONSTANT_CONVERSION = YES;
				CLANG_WARN_DEPRECATED_OBJC_IMPLEMENTATIONS = YES;
				CLANG_WARN_DIRECT_OBJC_ISA_USAGE = YES_ERROR;
				CLANG_WARN_DOCUMENTATION_COMMENTS = YES;
				CLANG_WARN_EMPTY_BODY = YES;
				CLANG_WARN_ENUM_CONVERSION = YES;
				CLANG_WARN_INFINITE_RECURSION = YES;
				CLANG_WARN_INT_CONVERSION = YES;
				CLANG_WARN_NON_LITERAL_NULL_CONVERSION = YES;
				CLANG_WARN_OBJC_IMPLICIT_RETAIN_SELF = YES;
				CLANG_WARN_OBJC_LITERAL_CONVERSION = YES;
				CLANG_WARN_OBJC_ROOT_CLASS = YES_ERROR;
				CLANG_WARN_QUOTED_INCLUDE_IN_FRAMEWORK_HEADER = YES;
				CLANG_WARN_RANGE_LOOP_ANALYSIS = YES;
				CLANG_WARN_STRICT_PROTOTYPES = YES;
				CLANG_WARN_SUSPICIOUS_MOVE = YES;
				CLANG_WARN_UNGUARDED_AVAILABILITY = YES_AGGRESSIVE;
				CLANG_WARN_UNREACHABLE_CODE = YES;
				CLANG_WARN__DUPLICATE_METHOD_MATCH = YES;
				COPY_PHASE_STRIP = NO;
				DEBUG_INFORMATION_FORMAT = "dwarf-with-dsym";
				ENABLE_NS_ASSERTIONS = NO;
				ENABLE_STRICT_OBJC_MSGSEND = YES;
				GCC_C_LANGUAGE_STANDARD = gnu11;
				GCC_NO_COMMON_BLOCKS = YES;
				GCC_WARN_64_TO_32_BIT_CONVERSION = YES;
				GCC_WARN_ABOUT_RETURN_TYPE = YES_ERROR;
				GCC_WARN_UNDECLARED_SELECTOR = YES;
				GCC_WARN_UNINITIALIZED_AUTOS = YES_AGGRESSIVE;
				GCC_WARN_UNUSED_FUNCTION = YES;
				GCC_WARN_UNUSED_VARIABLE = YES;
				IPHONEOS_DEPLOYMENT_TARGET = 15.5;
				MTL_ENABLE_DEBUG_INFO = NO;
				MTL_FAST_MATH = YES;
				SDKROOT = iphoneos;
				SWIFT_COMPILATION_MODE = wholemodule;
				SWIFT_OPTIMIZATION_LEVEL = "-O";
				VALIDATE_PRODUCT = YES;
			};
			name = Release;
		};
		2177B6E228C510A900CA339E /* Debug */ = {
			isa = XCBuildConfiguration;
			buildSettings = {
				ASSETCATALOG_COMPILER_APPICON_NAME = AppIcon;
				ASSETCATALOG_COMPILER_GLOBAL_ACCENT_COLOR_NAME = AccentColor;
				CODE_SIGN_STYLE = Automatic;
				CURRENT_PROJECT_VERSION = 1;
				DEVELOPMENT_TEAM = KZJPA3L44D;
				GENERATE_INFOPLIST_FILE = YES;
				INFOPLIST_FILE = SeyahatDefteri/Info.plist;
				INFOPLIST_KEY_UIApplicationSupportsIndirectInputEvents = YES;
				INFOPLIST_KEY_UILaunchStoryboardName = LaunchScreen;
				INFOPLIST_KEY_UIMainStoryboardFile = Main;
				INFOPLIST_KEY_UISupportedInterfaceOrientations_iPad = "UIInterfaceOrientationPortrait UIInterfaceOrientationPortraitUpsideDown UIInterfaceOrientationLandscapeLeft UIInterfaceOrientationLandscapeRight";
				INFOPLIST_KEY_UISupportedInterfaceOrientations_iPhone = "UIInterfaceOrientationPortrait UIInterfaceOrientationLandscapeLeft UIInterfaceOrientationLandscapeRight";
				LD_RUNPATH_SEARCH_PATHS = (
					"$(inherited)",
					"@executable_path/Frameworks",
				);
				MARKETING_VERSION = 1.0;
				PRODUCT_BUNDLE_IDENTIFIER = com.toyguncil.SeyahatDefteri;
				PRODUCT_NAME = "$(TARGET_NAME)";
				SWIFT_EMIT_LOC_STRINGS = YES;
				SWIFT_VERSION = 5.0;
				TARGETED_DEVICE_FAMILY = "1,2";
			};
			name = Debug;
		};
		2177B6E328C510A900CA339E /* Release */ = {
			isa = XCBuildConfiguration;
			buildSettings = {
				ASSETCATALOG_COMPILER_APPICON_NAME = AppIcon;
				ASSETCATALOG_COMPILER_GLOBAL_ACCENT_COLOR_NAME = AccentColor;
				CODE_SIGN_STYLE = Automatic;
				CURRENT_PROJECT_VERSION = 1;
				DEVELOPMENT_TEAM = KZJPA3L44D;
				GENERATE_INFOPLIST_FILE = YES;
				INFOPLIST_FILE = SeyahatDefteri/Info.plist;
				INFOPLIST_KEY_UIApplicationSupportsIndirectInputEvents = YES;
				INFOPLIST_KEY_UILaunchStoryboardName = LaunchScreen;
				INFOPLIST_KEY_UIMainStoryboardFile = Main;
				INFOPLIST_KEY_UISupportedInterfaceOrientations_iPad = "UIInterfaceOrientationPortrait UIInterfaceOrientationPortraitUpsideDown UIInterfaceOrientationLandscapeLeft UIInterfaceOrientationLandscapeRight";
				INFOPLIST_KEY_UISupportedInterfaceOrientations_iPhone = "UIInterfaceOrientationPortrait UIInterfaceOrientationLandscapeLeft UIInterfaceOrientationLandscapeRight";
				LD_RUNPATH_SEARCH_PATHS = (
					"$(inherited)",
					"@executable_path/Frameworks",
				);
				MARKETING_VERSION = 1.0;
				PRODUCT_BUNDLE_IDENTIFIER = com.toyguncil.SeyahatDefteri;
				PRODUCT_NAME = "$(TARGET_NAME)";
				SWIFT_EMIT_LOC_STRINGS = YES;
				SWIFT_VERSION = 5.0;
				TARGETED_DEVICE_FAMILY = "1,2";
			};
			name = Release;
		};
/* End XCBuildConfiguration section */

/* Begin XCConfigurationList section */
		2177B6C528C510A800CA339E /* Build configuration list for PBXProject "SeyahatDefteri" */ = {
			isa = XCConfigurationList;
			buildConfigurations = (
				2177B6DF28C510A900CA339E /* Debug */,
				2177B6E028C510A900CA339E /* Release */,
			);
			defaultConfigurationIsVisible = 0;
			defaultConfigurationName = Release;
		};
		2177B6E128C510A900CA339E /* Build configuration list for PBXNativeTarget "SeyahatDefteri" */ = {
			isa = XCConfigurationList;
			buildConfigurations = (
				2177B6E228C510A900CA339E /* Debug */,
				2177B6E328C510A900CA339E /* Release */,
			);
			defaultConfigurationIsVisible = 0;
			defaultConfigurationName = Release;
		};
/* End XCConfigurationList section */

/* Begin XCVersionGroup section */
		2177B6D628C510A900CA339E /* SeyahatDefteri.xcdatamodeld */ = {
			isa = XCVersionGroup;
			children = (
				2177B6D728C510A900CA339E /* SeyahatDefteri.xcdatamodel */,
			);
			currentVersion = 2177B6D728C510A900CA339E /* SeyahatDefteri.xcdatamodel */;
			path = SeyahatDefteri.xcdatamodeld;
			sourceTree = "<group>";
			versionGroupType = wrapper.xcdatamodel;
		};
/* End XCVersionGroup section */
	};
	rootObject = 2177B6C228C510A800CA339E /* Project object */;
}
